
Microsoft Visual Studio Solution File, Format Version 12.00
# Visual Studio Version 17
VisualStudioVersion = 17.3.32825.248
MinimumVisualStudioVersion = 10.0.40219.1
Project("{FAE04EC0-301F-11D3-BF4B-00C04F79EFBC}") = "cryptoLab1", "cryptoLab1\cryptoLab1.csproj", "{797E54D6-17F9-4659-A787-B5A98EB872F1}"
EndProject
Global
	GlobalSection(SolutionConfigurationPlatforms) = preSolution
		Debug|Any CPU = Debug|Any CPU
		Release|Any CPU = Release|Any CPU
	EndGlobalSection
	GlobalSection(ProjectConfigurationPlatforms) = postSolution
		{797E54D6-17F9-4659-A787-B5A98EB872F1}.Debug|Any CPU.ActiveCfg = Debug|Any CPU
		{797E54D6-17F9-4659-A787-B5A98EB872F1}.Debug|Any CPU.Build.0 = Debug|Any CPU
		{797E54D6-17F9-4659-A787-B5A98EB872F1}.Release|Any CPU.ActiveCfg = Release|Any CPU
		{797E54D6-17F9-4659-A787-B5A98EB872F1}.Release|Any CPU.Build.0 = Release|Any CPU
	EndGlobalSection
	GlobalSection(SolutionProperties) = preSolution
		HideSolutionNode = FALSE
	EndGlobalSection
	GlobalSection(ExtensibilityGlobals) = postSolution
		SolutionGuid = {B6D40098-8CC1-47DC-B4FE-3ED208D9CC26}
	EndGlobalSection
EndGlobal
